
Microsoft Visual Studio Solution File, Format Version 12.00
# Visual Studio 15
VisualStudioVersion = 15.0.28010.2026
MinimumVisualStudioVersion = 10.0.40219.1
Project("{FAE04EC0-301F-11D3-BF4B-00C04F79EFBC}") = "WPFBattle", "WPFBattle\WPFBattle.csproj", "{C867D73E-56FF-4AFB-972A-62C736105126}"
EndProject
Global
	GlobalSection(SolutionConfigurationPlatforms) = preSolution
		Debug|Any CPU = Debug|Any CPU
		Release|Any CPU = Release|Any CPU
	EndGlobalSection
	GlobalSection(ProjectConfigurationPlatforms) = postSolution
		{C867D73E-56FF-4AFB-972A-62C736105126}.Debug|Any CPU.ActiveCfg = Debug|Any CPU
		{C867D73E-56FF-4AFB-972A-62C736105126}.Debug|Any CPU.Build.0 = Debug|Any CPU
		{C867D73E-56FF-4AFB-972A-62C736105126}.Release|Any CPU.ActiveCfg = Release|Any CPU
		{C867D73E-56FF-4AFB-972A-62C736105126}.Release|Any CPU.Build.0 = Release|Any CPU
	EndGlobalSection
	GlobalSection(SolutionProperties) = preSolution
		HideSolutionNode = FALSE
	EndGlobalSection
	GlobalSection(ExtensibilityGlobals) = postSolution
		SolutionGuid = {16926D37-A4D9-4A0B-80D5-33815BB334D0}
	EndGlobalSection
EndGlobal
